
Microsoft Visual Studio Solution File, Format Version 11.00
# Visual Studio 2010
Project("{8BC9CEB8-8B4A-11D0-8D11-00A0C91BC942}") = "AnalogDataLoggerF1", "AnalogDataLoggerF1.vcxproj", "{956702B7-956C-455B-B0FE-3D3899C1A165}"
EndProject
Global
	GlobalSection(SolutionConfigurationPlatforms) = preSolution
		Debug|Win32 = Debug|Win32
		Release|Win32 = Release|Win32
	EndGlobalSection
	GlobalSection(ProjectConfigurationPlatforms) = postSolution
		{956702B7-956C-455B-B0FE-3D3899C1A165}.Debug|Win32.ActiveCfg = Debug|Win32
		{956702B7-956C-455B-B0FE-3D3899C1A165}.Debug|Win32.Build.0 = Debug|Win32
		{956702B7-956C-455B-B0FE-3D3899C1A165}.Release|Win32.ActiveCfg = Release|Win32
		{956702B7-956C-455B-B0FE-3D3899C1A165}.Release|Win32.Build.0 = Release|Win32
	EndGlobalSection
	GlobalSection(SolutionProperties) = preSolution
		HideSolutionNode = FALSE
	EndGlobalSection
EndGlobal
